
Microsoft Visual Studio Solution File, Format Version 12.00
# Visual Studio 15
VisualStudioVersion = 15.0.28010.2050
MinimumVisualStudioVersion = 10.0.40219.1
Project("{FAE04EC0-301F-11D3-BF4B-00C04F79EFBC}") = "ConsoleApp7", "ConsoleApp7\ConsoleApp7.csproj", "{9B1687AE-C4C5-47A1-82F0-AD5751D777B6}"
EndProject
Global
	GlobalSection(SolutionConfigurationPlatforms) = preSolution
		Debug|Any CPU = Debug|Any CPU
		Release|Any CPU = Release|Any CPU
	EndGlobalSection
	GlobalSection(ProjectConfigurationPlatforms) = postSolution
		{9B1687AE-C4C5-47A1-82F0-AD5751D777B6}.Debug|Any CPU.ActiveCfg = Debug|Any CPU
		{9B1687AE-C4C5-47A1-82F0-AD5751D777B6}.Debug|Any CPU.Build.0 = Debug|Any CPU
		{9B1687AE-C4C5-47A1-82F0-AD5751D777B6}.Release|Any CPU.ActiveCfg = Release|Any CPU
		{9B1687AE-C4C5-47A1-82F0-AD5751D777B6}.Release|Any CPU.Build.0 = Release|Any CPU
	EndGlobalSection
	GlobalSection(SolutionProperties) = preSolution
		HideSolutionNode = FALSE
	EndGlobalSection
	GlobalSection(ExtensibilityGlobals) = postSolution
		SolutionGuid = {963902B1-E674-4F6B-83EB-C9D8A2396B7E}
	EndGlobalSection
EndGlobal
